
Microsoft Visual Studio Solution File, Format Version 12.00
# Visual Studio 15
VisualStudioVersion = 15.0.28307.1972
MinimumVisualStudioVersion = 10.0.40219.1
Project("{8BC9CEB8-8B4A-11D0-8D11-00A0C91BC942}") = "Tic-Tac-Toe game", "Tic-Tac-Toe game\Tic-Tac-Toe game.vcxproj", "{FAE4721F-FB29-4A4E-9FC8-46C5630E27B0}"
EndProject
Global
	GlobalSection(SolutionConfigurationPlatforms) = preSolution
		Debug|x64 = Debug|x64
		Debug|x86 = Debug|x86
		Release|x64 = Release|x64
		Release|x86 = Release|x86
	EndGlobalSection
	GlobalSection(ProjectConfigurationPlatforms) = postSolution
		{FAE4721F-FB29-4A4E-9FC8-46C5630E27B0}.Debug|x64.ActiveCfg = Debug|x64
		{FAE4721F-FB29-4A4E-9FC8-46C5630E27B0}.Debug|x64.Build.0 = Debug|x64
		{FAE4721F-FB29-4A4E-9FC8-46C5630E27B0}.Debug|x86.ActiveCfg = Debug|Win32
		{FAE4721F-FB29-4A4E-9FC8-46C5630E27B0}.Debug|x86.Build.0 = Debug|Win32
		{FAE4721F-FB29-4A4E-9FC8-46C5630E27B0}.Release|x64.ActiveCfg = Release|x64
		{FAE4721F-FB29-4A4E-9FC8-46C5630E27B0}.Release|x64.Build.0 = Release|x64
		{FAE4721F-FB29-4A4E-9FC8-46C5630E27B0}.Release|x86.ActiveCfg = Release|Win32
		{FAE4721F-FB29-4A4E-9FC8-46C5630E27B0}.Release|x86.Build.0 = Release|Win32
	EndGlobalSection
	GlobalSection(SolutionProperties) = preSolution
		HideSolutionNode = FALSE
	EndGlobalSection
	GlobalSection(ExtensibilityGlobals) = postSolution
		SolutionGuid = {9912B7BD-7896-4D18-AFEF-DD3038010DF3}
	EndGlobalSection
EndGlobal
